
Microsoft Visual Studio Solution File, Format Version 12.00
Project("{2150E333-8FDC-42A3-9474-1A3956D46DE8}") = "Source", "Source", "{F44FC122-CAD3-4285-88AB-870972E9E3FC}"
EndProject
Project("{2150E333-8FDC-42A3-9474-1A3956D46DE8}") = "Tests", "Tests", "{A9EE756C-1B3A-4313-B8FA-54C927EC8E33}"
EndProject
Project("{FAE04EC0-301F-11D3-BF4B-00C04F79EFBC}") = "SolScanner", "src\SolScanner\SolScanner.csproj", "{0A9B4185-8435-4E45-A344-F23740BB0B1C}"
EndProject
Project("{FAE04EC0-301F-11D3-BF4B-00C04F79EFBC}") = "Solscanner.Tests.Unit", "tests\Solscanner.Tests.Unit\Solscanner.Tests.Unit.csproj", "{D583CB90-3A45-4149-90D3-3A22AFAAC6A0}"
EndProject
Global
	GlobalSection(SolutionConfigurationPlatforms) = preSolution
		Debug|Any CPU = Debug|Any CPU
		Release|Any CPU = Release|Any CPU
	EndGlobalSection
	GlobalSection(ProjectConfigurationPlatforms) = postSolution
		{0A9B4185-8435-4E45-A344-F23740BB0B1C}.Debug|Any CPU.ActiveCfg = Debug|Any CPU
		{0A9B4185-8435-4E45-A344-F23740BB0B1C}.Debug|Any CPU.Build.0 = Debug|Any CPU
		{0A9B4185-8435-4E45-A344-F23740BB0B1C}.Release|Any CPU.ActiveCfg = Release|Any CPU
		{0A9B4185-8435-4E45-A344-F23740BB0B1C}.Release|Any CPU.Build.0 = Release|Any CPU
		{D583CB90-3A45-4149-90D3-3A22AFAAC6A0}.Debug|Any CPU.ActiveCfg = Debug|Any CPU
		{D583CB90-3A45-4149-90D3-3A22AFAAC6A0}.Debug|Any CPU.Build.0 = Debug|Any CPU
		{D583CB90-3A45-4149-90D3-3A22AFAAC6A0}.Release|Any CPU.ActiveCfg = Release|Any CPU
		{D583CB90-3A45-4149-90D3-3A22AFAAC6A0}.Release|Any CPU.Build.0 = Release|Any CPU
	EndGlobalSection
	GlobalSection(NestedProjects) = preSolution
		{0A9B4185-8435-4E45-A344-F23740BB0B1C} = {F44FC122-CAD3-4285-88AB-870972E9E3FC}
		{D583CB90-3A45-4149-90D3-3A22AFAAC6A0} = {A9EE756C-1B3A-4313-B8FA-54C927EC8E33}
	EndGlobalSection
EndGlobal
